
Microsoft Visual Studio Solution File, Format Version 12.00
# Visual Studio Version 16
VisualStudioVersion = 16.0.29709.97
MinimumVisualStudioVersion = 10.0.40219.1
Project("{FAE04EC0-301F-11D3-BF4B-00C04F79EFBC}") = "Lab4_PowersTable", "Lab4_PowersTable\Lab4_PowersTable.csproj", "{8C427845-828B-4EE4-B231-F5F44166F021}"
EndProject
Global
	GlobalSection(SolutionConfigurationPlatforms) = preSolution
		Debug|Any CPU = Debug|Any CPU
		Release|Any CPU = Release|Any CPU
	EndGlobalSection
	GlobalSection(ProjectConfigurationPlatforms) = postSolution
		{8C427845-828B-4EE4-B231-F5F44166F021}.Debug|Any CPU.ActiveCfg = Debug|Any CPU
		{8C427845-828B-4EE4-B231-F5F44166F021}.Debug|Any CPU.Build.0 = Debug|Any CPU
		{8C427845-828B-4EE4-B231-F5F44166F021}.Release|Any CPU.ActiveCfg = Release|Any CPU
		{8C427845-828B-4EE4-B231-F5F44166F021}.Release|Any CPU.Build.0 = Release|Any CPU
	EndGlobalSection
	GlobalSection(SolutionProperties) = preSolution
		HideSolutionNode = FALSE
	EndGlobalSection
	GlobalSection(ExtensibilityGlobals) = postSolution
		SolutionGuid = {A1944E42-9628-435B-AF6D-5D3A8243300D}
	EndGlobalSection
EndGlobal
